// !$*UTF8*$!
{
	archiveVersion = 1;
	classes = {
	};
	objectVersion = 77;
	objects = {

/* Begin PBXContainerItemProxy section */
		B4E5A1482D9E0B0B000094D4 /* PBXContainerItemProxy */ = {
			isa = PBXContainerItemProxy;
			containerPortal = B4E5A1312D9E0B08000094D4 /* Project object */;
			proxyType = 1;
			remoteGlobalIDString = B4E5A1382D9E0B08000094D4;
			remoteInfo = vokabulatr2;
		};
		B4E5A1522D9E0B0B000094D4 /* PBXContainerItemProxy */ = {
			isa = PBXContainerItemProxy;
			containerPortal = B4E5A1312D9E0B08000094D4 /* Project object */;
			proxyType = 1;
			remoteGlobalIDString = B4E5A1382D9E0B08000094D4;
			remoteInfo = vokabulatr2;
		};
/* End PBXContainerItemProxy section */

/* Begin PBXFileReference section */
		B4E5A1392D9E0B08000094D4 /* vokabulatr2.app */ = {isa = PBXFileReference; explicitFileType = wrapper.application; includeInIndex = 0; path = vokabulatr2.app; sourceTree = BUILT_PRODUCTS_DIR; };
		B4E5A1472D9E0B0B000094D4 /* vokabulatr2Tests.xctest */ = {isa = PBXFileReference; explicitFileType = wrapper.cfbundle; includeInIndex = 0; path = vokabulatr2Tests.xctest; sourceTree = BUILT_PRODUCTS_DIR; };
		B4E5A1512D9E0B0B000094D4 /* vokabulatr2UITests.xctest */ = {isa = PBXFileReference; explicitFileType = wrapper.cfbundle; includeInIndex = 0; path = vokabulatr2UITests.xctest; sourceTree = BUILT_PRODUCTS_DIR; };
/* End PBXFileReference section */

/* Begin PBXFileSystemSynchronizedRootGroup section */
		B4E5A13B2D9E0B08000094D4 /* vokabulatr2 */ = {
			isa = PBXFileSystemSynchronizedRootGroup;
			path = vokabulatr2;
			sourceTree = "<group>";
		};
		B4E5A14A2D9E0B0B000094D4 /* vokabulatr2Tests */ = {
			isa = PBXFileSystemSynchronizedRootGroup;
			path = vokabulatr2Tests;
			sourceTree = "<group>";
		};
		B4E5A1542D9E0B0B000094D4 /* vokabulatr2UITests */ = {
			isa = PBXFileSystemSynchronizedRootGroup;
			path = vokabulatr2UITests;
			sourceTree = "<group>";
		};
/* End PBXFileSystemSynchronizedRootGroup section */

/* Begin PBXFrameworksBuildPhase section */
		B4E5A1362D9E0B08000094D4 /* Frameworks */ = {
			isa = PBXFrameworksBuildPhase;
			buildActionMask = 2147483647;
			files = (
			);
			runOnlyForDeploymentPostprocessing = 0;
		};
		B4E5A1442D9E0B0B000094D4 /* Frameworks */ = {
			isa = PBXFrameworksBuildPhase;
			buildActionMask = 2147483647;
			files = (
			);
			runOnlyForDeploymentPostprocessing = 0;
		};
		B4E5A14E2D9E0B0B000094D4 /* Frameworks */ = {
			isa = PBXFrameworksBuildPhase;
			buildActionMask = 2147483647;
			files = (
			);
			runOnlyForDeploymentPostprocessing = 0;
		};
/* End PBXFrameworksBuildPhase section */

/* Begin PBXGroup section */
		B4E5A1302D9E0B08000094D4 = {
			isa = PBXGroup;
			children = (
				B4E5A13B2D9E0B08000094D4 /* vokabulatr2 */,
				B4E5A14A2D9E0B0B000094D4 /* vokabulatr2Tests */,
				B4E5A1542D9E0B0B000094D4 /* vokabulatr2UITests */,
				B4E5A13A2D9E0B08000094D4 /* Products */,
			);
			sourceTree = "<group>";
		};
		B4E5A13A2D9E0B08000094D4 /* Products */ = {
			isa = PBXGroup;
			children = (
				B4E5A1392D9E0B08000094D4 /* vokabulatr2.app */,
				B4E5A1472D9E0B0B000094D4 /* vokabulatr2Tests.xctest */,
				B4E5A1512D9E0B0B000094D4 /* vokabulatr2UITests.xctest */,
			);
			name = Products;
			sourceTree = "<group>";
		};
/* End PBXGroup section */

/* Begin PBXNativeTarget section */
		B4E5A1382D9E0B08000094D4 /* vokabulatr2 */ = {
			isa = PBXNativeTarget;
			buildConfigurationList = B4E5A15B2D9E0B0B000094D4 /* Build configuration list for PBXNativeTarget "vokabulatr2" */;
			buildPhases = (
				B4E5A1352D9E0B08000094D4 /* Sources */,
				B4E5A1362D9E0B08000094D4 /* Frameworks */,
				B4E5A1372D9E0B08000094D4 /* Resources */,
			);
			buildRules = (
			);
			dependencies = (
			);
			fileSystemSynchronizedGroups = (
				B4E5A13B2D9E0B08000094D4 /* vokabulatr2 */,
			);
			name = vokabulatr2;
			packageProductDependencies = (
			);
			productName = vokabulatr2;
			productReference = B4E5A1392D9E0B08000094D4 /* vokabulatr2.app */;
			productType = "com.apple.product-type.application";
		};
		B4E5A1462D9E0B0B000094D4 /* vokabulatr2Tests */ = {
			isa = PBXNativeTarget;
			buildConfigurationList = B4E5A15E2D9E0B0B000094D4 /* Build configuration list for PBXNativeTarget "vokabulatr2Tests" */;
			buildPhases = (
				B4E5A1432D9E0B0B000094D4 /* Sources */,
				B4E5A1442D9E0B0B000094D4 /* Frameworks */,
				B4E5A1452D9E0B0B000094D4 /* Resources */,
			);
			buildRules = (
			);
			dependencies = (
				B4E5A1492D9E0B0B000094D4 /* PBXTargetDependency */,
			);
			fileSystemSynchronizedGroups = (
				B4E5A14A2D9E0B0B000094D4 /* vokabulatr2Tests */,
			);
			name = vokabulatr2Tests;
			packageProductDependencies = (
			);
			productName = vokabulatr2Tests;
			productReference = B4E5A1472D9E0B0B000094D4 /* vokabulatr2Tests.xctest */;
			productType = "com.apple.product-type.bundle.unit-test";
		};
		B4E5A1502D9E0B0B000094D4 /* vokabulatr2UITests */ = {
			isa = PBXNativeTarget;
			buildConfigurationList = B4E5A1612D9E0B0B000094D4 /* Build configuration list for PBXNativeTarget "vokabulatr2UITests" */;
			buildPhases = (
				B4E5A14D2D9E0B0B000094D4 /* Sources */,
				B4E5A14E2D9E0B0B000094D4 /* Frameworks */,
				B4E5A14F2D9E0B0B000094D4 /* Resources */,
			);
			buildRules = (
			);
			dependencies = (
				B4E5A1532D9E0B0B000094D4 /* PBXTargetDependency */,
			);
			fileSystemSynchronizedGroups = (
				B4E5A1542D9E0B0B000094D4 /* vokabulatr2UITests */,
			);
			name = vokabulatr2UITests;
			packageProductDependencies = (
			);
			productName = vokabulatr2UITests;
			productReference = B4E5A1512D9E0B0B000094D4 /* vokabulatr2UITests.xctest */;
			productType = "com.apple.product-type.bundle.ui-testing";
		};
/* End PBXNativeTarget section */

/* Begin PBXProject section */
		B4E5A1312D9E0B08000094D4 /* Project object */ = {
			isa = PBXProject;
			attributes = {
				BuildIndependentTargetsInParallel = 1;
				LastSwiftUpdateCheck = 1630;
				LastUpgradeCheck = 1630;
				TargetAttributes = {
					B4E5A1382D9E0B08000094D4 = {
						CreatedOnToolsVersion = 16.3;
					};
					B4E5A1462D9E0B0B000094D4 = {
						CreatedOnToolsVersion = 16.3;
						TestTargetID = B4E5A1382D9E0B08000094D4;
					};
					B4E5A1502D9E0B0B000094D4 = {
						CreatedOnToolsVersion = 16.3;
						TestTargetID = B4E5A1382D9E0B08000094D4;
					};
				};
			};
			buildConfigurationList = B4E5A1342D9E0B08000094D4 /* Build configuration list for PBXProject "vokabulatr2" */;
			developmentRegion = en;
			hasScannedForEncodings = 0;
			knownRegions = (
				en,
				Base,
			);
			mainGroup = B4E5A1302D9E0B08000094D4;
			minimizedProjectReferenceProxies = 1;
			preferredProjectObjectVersion = 77;
			productRefGroup = B4E5A13A2D9E0B08000094D4 /* Products */;
			projectDirPath = "";
			projectRoot = "";
			targets = (
				B4E5A1382D9E0B08000094D4 /* vokabulatr2 */,
				B4E5A1462D9E0B0B000094D4 /* vokabulatr2Tests */,
				B4E5A1502D9E0B0B000094D4 /* vokabulatr2UITests */,
			);
		};
/* End PBXProject section */

/* Begin PBXResourcesBuildPhase section */
		B4E5A1372D9E0B08000094D4 /* Resources */ = {
			isa = PBXResourcesBuildPhase;
			buildActionMask = 2147483647;
			files = (
			);
			runOnlyForDeploymentPostprocessing = 0;
		};
		B4E5A1452D9E0B0B000094D4 /* Resources */ = {
			isa = PBXResourcesBuildPhase;
			buildActionMask = 2147483647;
			files = (
			);
			runOnlyForDeploymentPostprocessing = 0;
		};
		B4E5A14F2D9E0B0B000094D4 /* Resources */ = {
			isa = PBXResourcesBuildPhase;
			buildActionMask = 2147483647;
			files = (
			);
			runOnlyForDeploymentPostprocessing = 0;
		};
/* End PBXResourcesBuildPhase section */

/* Begin PBXSourcesBuildPhase section */
		B4E5A1352D9E0B08000094D4 /* Sources */ = {
			isa = PBXSourcesBuildPhase;
			buildActionMask = 2147483647;
			files = (
			);
			runOnlyForDeploymentPostprocessing = 0;
		};
		B4E5A1432D9E0B0B000094D4 /* Sources */ = {
			isa = PBXSourcesBuildPhase;
			buildActionMask = 2147483647;
			files = (
			);
			runOnlyForDeploymentPostprocessing = 0;
		};
		B4E5A14D2D9E0B0B000094D4 /* Sources */ = {
			isa = PBXSourcesBuildPhase;
			buildActionMask = 2147483647;
			files = (
			);
			runOnlyForDeploymentPostprocessing = 0;
		};
/* End PBXSourcesBuildPhase section */

/* Begin PBXTargetDependency section */
		B4E5A1492D9E0B0B000094D4 /* PBXTargetDependency */ = {
			isa = PBXTargetDependency;
			target = B4E5A1382D9E0B08000094D4 /* vokabulatr2 */;
			targetProxy = B4E5A1482D9E0B0B000094D4 /* PBXContainerItemProxy */;
		};
		B4E5A1532D9E0B0B000094D4 /* PBXTargetDependency */ = {
			isa = PBXTargetDependency;
			target = B4E5A1382D9E0B08000094D4 /* vokabulatr2 */;
			targetProxy = B4E5A1522D9E0B0B000094D4 /* PBXContainerItemProxy */;
		};
/* End PBXTargetDependency section */

/* Begin XCBuildConfiguration section */
		B4E5A1592D9E0B0B000094D4 /* Debug */ = {
			isa = XCBuildConfiguration;
			buildSettings = {
				ALWAYS_SEARCH_USER_PATHS = NO;
				ASSETCATALOG_COMPILER_GENERATE_SWIFT_ASSET_SYMBOL_EXTENSIONS = YES;
				CLANG_ANALYZER_NONNULL = YES;
				CLANG_ANALYZER_NUMBER_OBJECT_CONVERSION = YES_AGGRESSIVE;
				CLANG_CXX_LANGUAGE_STANDARD = "gnu++20";
				CLANG_ENABLE_MODULES = YES;
				CLANG_ENABLE_OBJC_ARC = YES;
				CLANG_ENABLE_OBJC_WEAK = YES;
				CLANG_WARN_BLOCK_CAPTURE_AUTORELEASING = YES;
				CLANG_WARN_BOOL_CONVERSION = YES;
				CLANG_WARN_COMMA = YES;
				CLANG_WARN_CONSTANT_CONVERSION = YES;
				CLANG_WARN_DEPRECATED_OBJC_IMPLEMENTATIONS = YES;
				CLANG_WARN_DIRECT_OBJC_ISA_USAGE = YES_ERROR;
				CLANG_WARN_DOCUMENTATION_COMMENTS = YES;
				CLANG_WARN_EMPTY_BODY = YES;
				CLANG_WARN_ENUM_CONVERSION = YES;
				CLANG_WARN_INFINITE_RECURSION = YES;
				CLANG_WARN_INT_CONVERSION = YES;
				CLANG_WARN_NON_LITERAL_NULL_CONVERSION = YES;
				CLANG_WARN_OBJC_IMPLICIT_RETAIN_SELF = YES;
				CLANG_WARN_OBJC_LITERAL_CONVERSION = YES;
				CLANG_WARN_OBJC_ROOT_CLASS = YES_ERROR;
				CLANG_WARN_QUOTED_INCLUDE_IN_FRAMEWORK_HEADER = YES;
				CLANG_WARN_RANGE_LOOP_ANALYSIS = YES;
				CLANG_WARN_STRICT_PROTOTYPES = YES;
				CLANG_WARN_SUSPICIOUS_MOVE = YES;
				CLANG_WARN_UNGUARDED_AVAILABILITY = YES_AGGRESSIVE;
				CLANG_WARN_UNREACHABLE_CODE = YES;
				CLANG_WARN__DUPLICATE_METHOD_MATCH = YES;
				COPY_PHASE_STRIP = NO;
				DEBUG_INFORMATION_FORMAT = dwarf;
				ENABLE_STRICT_OBJC_MSGSEND = YES;
				ENABLE_TESTABILITY = YES;
				ENABLE_USER_SCRIPT_SANDBOXING = YES;
				GCC_C_LANGUAGE_STANDARD = gnu17;
				GCC_DYNAMIC_NO_PIC = NO;
				GCC_NO_COMMON_BLOCKS = YES;
				GCC_OPTIMIZATION_LEVEL = 0;
				GCC_PREPROCESSOR_DEFINITIONS = (
					"DEBUG=1",
					"$(inherited)",
				);
				GCC_WARN_64_TO_32_BIT_CONVERSION = YES;
				GCC_WARN_ABOUT_RETURN_TYPE = YES_ERROR;
				GCC_WARN_UNDECLARED_SELECTOR = YES;
				GCC_WARN_UNINITIALIZED_AUTOS = YES_AGGRESSIVE;
				GCC_WARN_UNUSED_FUNCTION = YES;
				GCC_WARN_UNUSED_VARIABLE = YES;
				LOCALIZATION_PREFERS_STRING_CATALOGS = YES;
				MACOSX_DEPLOYMENT_TARGET = 15.3;
				MTL_ENABLE_DEBUG_INFO = INCLUDE_SOURCE;
				MTL_FAST_MATH = YES;
				ONLY_ACTIVE_ARCH = YES;
				SDKROOT = macosx;
				SWIFT_ACTIVE_COMPILATION_CONDITIONS = "DEBUG $(inherited)";
				SWIFT_OPTIMIZATION_LEVEL = "-Onone";
			};
			name = Debug;
		};
		B4E5A15A2D9E0B0B000094D4 /* Release */ = {
			isa = XCBuildConfiguration;
			buildSettings = {
				ALWAYS_SEARCH_USER_PATHS = NO;
				ASSETCATALOG_COMPILER_GENERATE_SWIFT_ASSET_SYMBOL_EXTENSIONS = YES;
				CLANG_ANALYZER_NONNULL = YES;
				CLANG_ANALYZER_NUMBER_OBJECT_CONVERSION = YES_AGGRESSIVE;
				CLANG_CXX_LANGUAGE_STANDARD = "gnu++20";
				CLANG_ENABLE_MODULES = YES;
				CLANG_ENABLE_OBJC_ARC = YES;
				CLANG_ENABLE_OBJC_WEAK = YES;
				CLANG_WARN_BLOCK_CAPTURE_AUTORELEASING = YES;
				CLANG_WARN_BOOL_CONVERSION = YES;
				CLANG_WARN_COMMA = YES;
				CLANG_WARN_CONSTANT_CONVERSION = YES;
				CLANG_WARN_DEPRECATED_OBJC_IMPLEMENTATIONS = YES;
				CLANG_WARN_DIRECT_OBJC_ISA_USAGE = YES_ERROR;
				CLANG_WARN_DOCUMENTATION_COMMENTS = YES;
				CLANG_WARN_EMPTY_BODY = YES;
				CLANG_WARN_ENUM_CONVERSION = YES;
				CLANG_WARN_INFINITE_RECURSION = YES;
				CLANG_WARN_INT_CONVERSION = YES;
				CLANG_WARN_NON_LITERAL_NULL_CONVERSION = YES;
				CLANG_WARN_OBJC_IMPLICIT_RETAIN_SELF = YES;
				CLANG_WARN_OBJC_LITERAL_CONVERSION = YES;
				CLANG_WARN_OBJC_ROOT_CLASS = YES_ERROR;
				CLANG_WARN_QUOTED_INCLUDE_IN_FRAMEWORK_HEADER = YES;
				CLANG_WARN_RANGE_LOOP_ANALYSIS = YES;
				CLANG_WARN_STRICT_PROTOTYPES = YES;
				CLANG_WARN_SUSPICIOUS_MOVE = YES;
				CLANG_WARN_UNGUARDED_AVAILABILITY = YES_AGGRESSIVE;
				CLANG_WARN_UNREACHABLE_CODE = YES;
				CLANG_WARN__DUPLICATE_METHOD_MATCH = YES;
				COPY_PHASE_STRIP = NO;
				DEBUG_INFORMATION_FORMAT = "dwarf-with-dsym";
				ENABLE_NS_ASSERTIONS = NO;
				ENABLE_STRICT_OBJC_MSGSEND = YES;
				ENABLE_USER_SCRIPT_SANDBOXING = YES;
				GCC_C_LANGUAGE_STANDARD = gnu17;
				GCC_NO_COMMON_BLOCKS = YES;
				GCC_WARN_64_TO_32_BIT_CONVERSION = YES;
				GCC_WARN_ABOUT_RETURN_TYPE = YES_ERROR;
				GCC_WARN_UNDECLARED_SELECTOR = YES;
				GCC_WARN_UNINITIALIZED_AUTOS = YES_AGGRESSIVE;
				GCC_WARN_UNUSED_FUNCTION = YES;
				GCC_WARN_UNUSED_VARIABLE = YES;
				LOCALIZATION_PREFERS_STRING_CATALOGS = YES;
				MACOSX_DEPLOYMENT_TARGET = 15.3;
				MTL_ENABLE_DEBUG_INFO = NO;
				MTL_FAST_MATH = YES;
				SDKROOT = macosx;
				SWIFT_COMPILATION_MODE = wholemodule;
			};
			name = Release;
		};
		B4E5A15C2D9E0B0B000094D4 /* Debug */ = {
			isa = XCBuildConfiguration;
			buildSettings = {
				ASSETCATALOG_COMPILER_APPICON_NAME = AppIcon;
				ASSETCATALOG_COMPILER_GLOBAL_ACCENT_COLOR_NAME = AccentColor;
				CODE_SIGN_ENTITLEMENTS = vokabulatr2/vokabulatr2.entitlements;
				CODE_SIGN_STYLE = Automatic;
				COMBINE_HIDPI_IMAGES = YES;
				CURRENT_PROJECT_VERSION = 1;
				ENABLE_PREVIEWS = YES;
				GENERATE_INFOPLIST_FILE = YES;
				INFOPLIST_KEY_NSHumanReadableCopyright = "";
				LD_RUNPATH_SEARCH_PATHS = (
					"$(inherited)",
					"@executable_path/../Frameworks",
				);
				MARKETING_VERSION = 1.0;
				PRODUCT_BUNDLE_IDENTIFIER = andreroesti.vokabulatr2;
				PRODUCT_NAME = "$(TARGET_NAME)";
				REGISTER_APP_GROUPS = YES;
				SWIFT_EMIT_LOC_STRINGS = YES;
				SWIFT_VERSION = 5.0;
			};
			name = Debug;
		};
		B4E5A15D2D9E0B0B000094D4 /* Release */ = {
			isa = XCBuildConfiguration;
			buildSettings = {
				ASSETCATALOG_COMPILER_APPICON_NAME = AppIcon;
				ASSETCATALOG_COMPILER_GLOBAL_ACCENT_COLOR_NAME = AccentColor;
				CODE_SIGN_ENTITLEMENTS = vokabulatr2/vokabulatr2.entitlements;
				CODE_SIGN_STYLE = Automatic;
				COMBINE_HIDPI_IMAGES = YES;
				CURRENT_PROJECT_VERSION = 1;
				ENABLE_PREVIEWS = YES;
				GENERATE_INFOPLIST_FILE = YES;
				INFOPLIST_KEY_NSHumanReadableCopyright = "";
				LD_RUNPATH_SEARCH_PATHS = (
					"$(inherited)",
					"@executable_path/../Frameworks",
				);
				MARKETING_VERSION = 1.0;
				PRODUCT_BUNDLE_IDENTIFIER = andreroesti.vokabulatr2;
				PRODUCT_NAME = "$(TARGET_NAME)";
				REGISTER_APP_GROUPS = YES;
				SWIFT_EMIT_LOC_STRINGS = YES;
				SWIFT_VERSION = 5.0;
			};
			name = Release;
		};
		B4E5A15F2D9E0B0B000094D4 /* Debug */ = {
			isa = XCBuildConfiguration;
			buildSettings = {
				BUNDLE_LOADER = "$(TEST_HOST)";
				CODE_SIGN_STYLE = Automatic;
				CURRENT_PROJECT_VERSION = 1;
				GENERATE_INFOPLIST_FILE = YES;
				MACOSX_DEPLOYMENT_TARGET = 15.3;
				MARKETING_VERSION = 1.0;
				PRODUCT_BUNDLE_IDENTIFIER = andreroesti.vokabulatr2Tests;
				PRODUCT_NAME = "$(TARGET_NAME)";
				SWIFT_EMIT_LOC_STRINGS = NO;
				SWIFT_VERSION = 5.0;
				TEST_HOST = "$(BUILT_PRODUCTS_DIR)/vokabulatr2.app/$(BUNDLE_EXECUTABLE_FOLDER_PATH)/vokabulatr2";
			};
			name = Debug;
		};
		B4E5A1602D9E0B0B000094D4 /* Release */ = {
			isa = XCBuildConfiguration;
			buildSettings = {
				BUNDLE_LOADER = "$(TEST_HOST)";
				CODE_SIGN_STYLE = Automatic;
				CURRENT_PROJECT_VERSION = 1;
				GENERATE_INFOPLIST_FILE = YES;
				MACOSX_DEPLOYMENT_TARGET = 15.3;
				MARKETING_VERSION = 1.0;
				PRODUCT_BUNDLE_IDENTIFIER = andreroesti.vokabulatr2Tests;
				PRODUCT_NAME = "$(TARGET_NAME)";
				SWIFT_EMIT_LOC_STRINGS = NO;
				SWIFT_VERSION = 5.0;
				TEST_HOST = "$(BUILT_PRODUCTS_DIR)/vokabulatr2.app/$(BUNDLE_EXECUTABLE_FOLDER_PATH)/vokabulatr2";
			};
			name = Release;
		};
		B4E5A1622D9E0B0B000094D4 /* Debug */ = {
			isa = XCBuildConfiguration;
			buildSettings = {
				CODE_SIGN_STYLE = Automatic;
				CURRENT_PROJECT_VERSION = 1;
				GENERATE_INFOPLIST_FILE = YES;
				MARKETING_VERSION = 1.0;
				PRODUCT_BUNDLE_IDENTIFIER = andreroesti.vokabulatr2UITests;
				PRODUCT_NAME = "$(TARGET_NAME)";
				SWIFT_EMIT_LOC_STRINGS = NO;
				SWIFT_VERSION = 5.0;
				TEST_TARGET_NAME = vokabulatr2;
			};
			name = Debug;
		};
		B4E5A1632D9E0B0B000094D4 /* Release */ = {
			isa = XCBuildConfiguration;
			buildSettings = {
				CODE_SIGN_STYLE = Automatic;
				CURRENT_PROJECT_VERSION = 1;
				GENERATE_INFOPLIST_FILE = YES;
				MARKETING_VERSION = 1.0;
				PRODUCT_BUNDLE_IDENTIFIER = andreroesti.vokabulatr2UITests;
				PRODUCT_NAME = "$(TARGET_NAME)";
				SWIFT_EMIT_LOC_STRINGS = NO;
				SWIFT_VERSION = 5.0;
				TEST_TARGET_NAME = vokabulatr2;
			};
			name = Release;
		};
/* End XCBuildConfiguration section */

/* Begin XCConfigurationList section */
		B4E5A1342D9E0B08000094D4 /* Build configuration list for PBXProject "vokabulatr2" */ = {
			isa = XCConfigurationList;
			buildConfigurations = (
				B4E5A1592D9E0B0B000094D4 /* Debug */,
				B4E5A15A2D9E0B0B000094D4 /* Release */,
			);
			defaultConfigurationIsVisible = 0;
			defaultConfigurationName = Release;
		};
		B4E5A15B2D9E0B0B000094D4 /* Build configuration list for PBXNativeTarget "vokabulatr2" */ = {
			isa = XCConfigurationList;
			buildConfigurations = (
				B4E5A15C2D9E0B0B000094D4 /* Debug */,
				B4E5A15D2D9E0B0B000094D4 /* Release */,
			);
			defaultConfigurationIsVisible = 0;
			defaultConfigurationName = Release;
		};
		B4E5A15E2D9E0B0B000094D4 /* Build configuration list for PBXNativeTarget "vokabulatr2Tests" */ = {
			isa = XCConfigurationList;
			buildConfigurations = (
				B4E5A15F2D9E0B0B000094D4 /* Debug */,
				B4E5A1602D9E0B0B000094D4 /* Release */,
			);
			defaultConfigurationIsVisible = 0;
			defaultConfigurationName = Release;
		};
		B4E5A1612D9E0B0B000094D4 /* Build configuration list for PBXNativeTarget "vokabulatr2UITests" */ = {
			isa = XCConfigurationList;
			buildConfigurations = (
				B4E5A1622D9E0B0B000094D4 /* Debug */,
				B4E5A1632D9E0B0B000094D4 /* Release */,
			);
			defaultConfigurationIsVisible = 0;
			defaultConfigurationName = Release;
		};
/* End XCConfigurationList section */
	};
	rootObject = B4E5A1312D9E0B08000094D4 /* Project object */;
}
